{
  "name": "frontend",
  "version": "0.0.0",
  "lockfileVersion": 3,
  "requires": true,
  "packages": {
    "": {
      "name": "frontend",
      "version": "0.0.0",
      "dependencies": {
        "@element-plus/icons-vue": "^2.3.2",
        "element-plus": "^2.14.6",
        "vue": "^3.5.42"
      },
      "devDependencies": {
        "@types/node": "^24.13.3",
        "@vitejs/plugin-vue": "^6.0.8",
        "@vue/tsconfig": "^0.9.1",
        "typescript": "~6.0.2",
        "vite": "^8.3.0",
        "vue-tsc": "^3.3.11"
      }
    },
    "node_modules/@babel/helper-string-parser": {
      "version": "7.29.7",
      "resolved": "https://registry.npmmirror.com/@babel/helper-string-parser/-/helper-string-parser-7.29.7.tgz",
      "integrity": "sha512-Pb5ijPrZ89GDH8223L4UP8i6QApWxs04RbPQJTeWDV0/keR2E36MeKnyr6LYmUUvqRRI+Iv87SuF1W6ErINzYw==",
      "license": "MIT",
      "engines": {
        "node": ">=6.9.0"
      }
    },
    "node_modules/@babel/helper-validator-identifier": {
      "version": "7.29.7",
      "resolved": "https://registry.npmmirror.com/@babel/helper-validator-identifier/-/helper-validator-identifier-7.29.7.tgz",
      "integrity": "sha512-qehxGkRj55h/ff8EMaJ+cYhyaKlHIxqYDn682wQD7RNp9UujOQsHog2uS0r2vzr4pW+sXf90NeeayjcNaX3fFg==",
      "license": "MIT",
      "engines": {
        "node": ">=6.9.0"
      }
    },
    "node_modules/@babel/parser": {
      "version": "7.29.9",
      "resolved": "https://registry.npmmirror.com/@babel/parser/-/parser-7.29.9.tgz",
      "integrity": "sha512-CjXrNHTnvqBVqHgdBysY3vk2T8tpJHb5/RMeHJBTyVa9xgugCB0CJTx/3oO8RV2QRQP391RWpB7D6hLjm8V9uA==",
      "license": "MIT",
      "dependencies": {
        "@babel/types": "^7.29.8"
      },
      "bin": {
        "parser": "bin/babel-parser.js"
      },
      "engines": {
        "node": ">=6.0.0"
      }
    },
    "node_modules/@babel/types": {
      "version": "7.29.8",
      "resolved": "https://registry.npmmirror.com/@babel/types/-/types-7.29.8.tgz",
      "integrity": "sha512-Vj1jF3cPfxg7OAfoI7QnVKLoILlm2JF9pnVHrX8qx7AHMiYWT+NDAA7jChlNgRS4WTLc/fD1lXLmPixluj+3Gg==",
      "license": "MIT",
      "dependencies": {
        "@babel/helper-string-parser": "^7.29.7",
        "@babel/helper-validator-identifier": "^7.29.7"
      },
      "engines": {
        "node": ">=6.9.0"
      }
    },
    "node_modules/@ctrl/tinycolor": {
      "version": "4.2.1",
      "resolved": "https://registry.npmmirror.com/@ctrl/tinycolor/-/tinycolor-4.2.1.tgz",
      "integrity": "sha512-Vh5uy9Y1JBMId6J1f68TMXnZrTCvNdo9Fu2k0d1YnJngR+sM5kWTKl441c/3TFs+cG0NWOjRWgQ/iaWhbYx+7A==",
      "license": "MIT",
      "engines": {
        "node": ">=14"
      }
    },
    "node_modules/@element-plus/icons-vue": {
      "version": "2.3.2",
      "resolved": "https://registry.npmmirror.com/@element-plus/icons-vue/-/icons-vue-2.3.2.tgz",
      "integrity": "sha512-OzIuTaIfC8QXEPmJvB4Y4kw34rSXdCJzxcD1kFStBvr8bK6X1zQAYDo0CNMjojnfTqRQCJ0I7prlErcoRiET2A==",
      "license": "MIT",
      "peerDependencies": {
        "vue": "^3.2.0"
      }
    },
    "node_modules/@floating-ui/core": {
      "version": "1.8.0",
      "resolved": "https://registry.npmmirror.com/@floating-ui/core/-/core-1.8.0.tgz",
      "integrity": "sha512-0CIZ5itps/8x7BG8dEIhs53BvCUH2PCoogtakwRTut+Arm58sJooJ0AuZhLw2HJYIR5cMLNPBSS728sPho2khQ==",
      "license": "MIT",
      "dependencies": {
        "@floating-ui/utils": "^0.2.12"
      }
    },
    "node_modules/@floating-ui/dom": {
      "version": "1.8.0",
      "resolved": "https://registry.npmmirror.com/@floating-ui/dom/-/dom-1.8.0.tgz",
      "integrity": "sha512-yXSrzeHZBTZadLOlfyhCkJHNeLJnHRnRInwdZ40L7ZiaAtrBwoYlsDrX3v5zB1Utk7CLfzcOVnVVWoXEky7Ceg==",
      "license": "MIT",
      "dependencies": {
        "@floating-ui/core": "^1.8.0",
        "@floating-ui/utils": "^0.2.12"
      }
    },
    "node_modules/@floating-ui/utils": {
      "version": "0.2.12",
      "resolved": "https://registry.npmmirror.com/@floating-ui/utils/-/utils-0.2.12.tgz",
      "integrity": "sha512-HpCo8tmWzLVad5s2d19EhAz5zqrrQ6s69qd6moPMQvkOuSwDT1YgRfWSVuc4ennqrgv3OHppiOGMQ7oC13yIww==",
      "license": "MIT"
    },
    "node_modules/@jridgewell/sourcemap-codec": {
      "version": "1.6.0",
      "resolved": "https://registry.npmmirror.com/@jridgewell/sourcemap-codec/-/sourcemap-codec-1.6.0.tgz",
      "integrity": "sha512-T7jf+5zgsZHwNJ4lvQ7/aezbyk0nNX+zJVWpmHA7VYsEx7a7qr5Rg5IbtJFqkgze5Y2sruq1RUY8Q837Od7iFw==",
      "license": "MIT"
    },
    "node_modules/@oxc-project/types": {
      "version": "0.151.0",
      "resolved": "https://registry.npmmirror.com/@oxc-project/types/-/types-0.151.0.tgz",
      "integrity": "sha512-J1yXrIlNDZVzE3ada310xeAw7nH8yCAyLPuUIsjKatFPmfn5bS1oW+cM+QsGOtVWd5nhSpbwZWx/rue+r5Z+PA==",
      "dev": true,
      "license": "MIT",
      "funding": {
        "url": "https://github.com/sponsors/oxc-project"
      }
    },
    "node_modules/@popperjs/core": {
      "name": "@sxzz/popperjs-es",
      "version": "2.11.8",
      "resolved": "https://registry.npmmirror.com/@sxzz/popperjs-es/-/popperjs-es-2.11.8.tgz",
      "integrity": "sha512-wOwESXvvED3S8xBmcPWHs2dUuzrE4XiZeFu7e1hROIJkm02a49N120pmOXxY33sBb6hArItm5W5tcg1cBtV+HQ==",
      "license": "MIT",
      "funding": {
        "type": "opencollective",
        "url": "https://opencollective.com/popperjs"
      }
    },
    "node_modules/@rolldown/binding-android-arm-eabi": {
      "version": "1.2.11",
      "resolved": "https://registry.npmmirror.com/@rolldown/binding-android-arm-eabi/-/binding-android-arm-eabi-1.2.11.tgz",
      "integrity": "sha512-A5kXfGKvKWWZE0TtPrfsvT+q4Y5d1QG8gGUzpYjGydM+fARM9MuX90PrXYXe0XbsDVgyxxNzHo6giCj90bsFNw==",
      "cpu": [
        "arm"
      ],
      "dev": true,
      "license": "MIT",
      "optional": true,
      "os": [
        "android"
      ],
      "engines": {
        "node": "^20.19.0 || >=22.12.0"
      }
    },
    "node_modules/@rolldown/binding-android-arm64": {
      "version": "1.2.11",
      "resolved": "https://registry.npmmirror.com/@rolldown/binding-android-arm64/-/binding-android-arm64-1.2.11.tgz",
      "integrity": "sha512-z6cTycz+iJ4PVkuL4HHW4DfTfoeU/2nqYYuSOrTmH7yHK5Y0LCOnA03V4ZNxavyVaU1oOqUgIg2klN/s+USGOA==",
      "cpu": [
        "arm64"
      ],
      "dev": true,
      "license": "MIT",
      "optional": true,
      "os": [
        "android"
      ],
      "engines": {
        "node": "^20.19.0 || >=22.12.0"
      }
    },
    "node_modules/@rolldown/binding-darwin-arm64": {
      "version": "1.2.11",
      "resolved": "https://registry.npmmirror.com/@rolldown/binding-darwin-arm64/-/binding-darwin-arm64-1.2.11.tgz",
      "integrity": "sha512-jShvqNtP6vDC6/A5JOAzbVV+DkgHqhl/ScVCJEbt+TUY6QYz7YnXcrg3sLtFBniro0f/Ld50ZwCWA6f7KYD1nQ==",
      "cpu": [
        "arm64"
      ],
      "dev": true,
      "license": "MIT",
      "optional": true,
      "os": [
        "darwin"
      ],
      "engines": {
        "node": "^20.19.0 || >=22.12.0"
      }
    },
    "node_modules/@rolldown/binding-darwin-x64": {
      "version": "1.2.11",
      "resolved": "https://registry.npmmirror.com/@rolldown/binding-darwin-x64/-/binding-darwin-x64-1.2.11.tgz",
      "integrity": "sha512-f2i2xiNWq1Z1l2++q2fuhZRdLAT3aqxD6vRNm1RAxpUoBcdqNB3C0s1Bt+K+PbEx2F5F4gQp6hqKkphCY/xF9w==",
      "cpu": [
        "x64"
      ],
      "dev": true,
      "license": "MIT",
      "optional": true,
      "os": [
        "darwin"
      ],
      "engines": {
        "node": "^20.19.0 || >=22.12.0"
      }
    },
    "node_modules/@rolldown/binding-freebsd-x64": {
      "version": "1.2.11",
      "resolved": "https://registry.npmmirror.com/@rolldown/binding-freebsd-x64/-/binding-freebsd-x64-1.2.11.tgz",
      "integrity": "sha512-4Ir5FSOKIAMr4r0kExpt1s3bMgzJU3rA45AYOHtQpls0oNeqcYBKrWMlckrYH4KCfGLfkfn1tN1dmZPMVsdXow==",
      "cpu": [
        "x64"
      ],
      "dev": true,
      "license": "MIT",
      "optional": true,
      "os": [
        "freebsd"
      ],
      "engines": {
        "node": "^20.19.0 || >=22.12.0"
      }
    },
    "node_modules/@rolldown/binding-linux-arm-gnueabihf": {
      "version": "1.2.11",
      "resolved": "https://registry.npmmirror.com/@rolldown/binding-linux-arm-gnueabihf/-/binding-linux-arm-gnueabihf-1.2.11.tgz",
      "integrity": "sha512-/gnRDM+39BROzAN/k1OZjDPnDMcZxB/0EUxKjONO5yVkNEvlsoMDrxGNKgZi/ttFriS2gwlDNzB65pvNbFOXIQ==",
      "cpu": [
        "arm"
      ],
      "dev": true,
      "license": "MIT",
      "optional": true,
      "os": [
        "linux"
      ],
      "engines": {
        "node": "^20.19.0 || >=22.12.0"
      }
    },
    "node_modules/@rolldown/binding-linux-arm64-gnu": {
      "version": "1.2.11",
      "resolved": "https://registry.npmmirror.com/@rolldown/binding-linux-arm64-gnu/-/binding-linux-arm64-gnu-1.2.11.tgz",
      "integrity": "sha512-PFaK8HwvAHbaKbBcDNQihjMKYvFnA5hiENx/l5tphTDz1E0WFp32l0A7aq7lyUwGsRw/xSrNIy/gIK4thrSCrw==",
      "cpu": [
        "arm64"
      ],
      "dev": true,
      "libc": [
        "glibc"
      ],
      "license": "MIT",
      "optional": true,
      "os": [
        "linux"
      ],
      "engines": {
        "node": "^20.19.0 || >=22.12.0"
      }
    },
    "node_modules/@rolldown/binding-linux-arm64-musl": {
      "version": "1.2.11",
      "resolved": "https://registry.npmmirror.com/@rolldown/binding-linux-arm64-musl/-/binding-linux-arm64-musl-1.2.11.tgz",
      "integrity": "sha512-AskzJUIKRLPxkruR1wLKewGbOw+EYfU/9lOrBFj4AFrEA8hPpKFnODWNu2WLaNs0QNkEb9QIJufmVZZIL/bJlg==",
      "cpu": [
        "arm64"
      ],
      "dev": true,
      "libc": [
        "musl"
      ],
      "license": "MIT",
      "optional": true,
      "os": [
        "linux"
      ],
      "engines": {
        "node": "^20.19.0 || >=22.12.0"
      }
    },
    "node_modules/@rolldown/binding-linux-ppc64-gnu": {
      "version": "1.2.11",
      "resolved": "https://registry.npmmirror.com/@rolldown/binding-linux-ppc64-gnu/-/binding-linux-ppc64-gnu-1.2.11.tgz",
      "integrity": "sha512-qlUGAheh2yh8afH7QBgx0PrRHN85hKnNd78x8MeMhXivuevgd8vgf6/CstOzmNKY/lLTHvNTrPy98cLnAugzJw==",
      "cpu": [
        "ppc64"
      ],
      "dev": true,
      "libc": [
        "glibc"
      ],
      "license": "MIT",
      "optional": true,
      "os": [
        "linux"
      ],
      "engines": {
        "node": "^20.19.0 || >=22.12.0"
      }
    },
    "node_modules/@rolldown/binding-linux-s390x-gnu": {
      "version": "1.2.11",
      "resolved": "https://registry.npmmirror.com/@rolldown/binding-linux-s390x-gnu/-/binding-linux-s390x-gnu-1.2.11.tgz",
      "integrity": "sha512-secpEad+0vCbSfn8upFySkDskv+bGPk3THSDS9Y89yc4rb4kzqHp8Dmyd9BkQW4SnhNXBZCl/6CrO//hZahNJQ==",
      "cpu": [
        "s390x"
      ],
      "dev": true,
      "libc": [
        "glibc"
      ],
      "license": "MIT",
      "optional": true,
      "os": [
        "linux"
      ],
      "engines": {
        "node": "^20.19.0 || >=22.12.0"
      }
    },
    "node_modules/@rolldown/binding-linux-x64-gnu": {
      "version": "1.2.11",
      "resolved": "https://registry.npmmirror.com/@rolldown/binding-linux-x64-gnu/-/binding-linux-x64-gnu-1.2.11.tgz",
      "integrity": "sha512-mOVBT3dPpkWm8XBWPmU4bf+U6dYDLeMo/9ojUmis4N0L5uu10qra5vOyngZ7/PSdoE4G9KvRt4bloRxNjLas7A==",
      "cpu": [
        "x64"
      ],
      "dev": true,
      "libc": [
        "glibc"
      ],
      "license": "MIT",
      "optional": true,
      "os": [
        "linux"
      ],
      "engines": {
        "node": "^20.19.0 || >=22.12.0"
      }
    },
    "node_modules/@rolldown/binding-linux-x64-musl": {
      "version": "1.2.11",
      "resolved": "https://registry.npmmirror.com/@rolldown/binding-linux-x64-musl/-/binding-linux-x64-musl-1.2.11.tgz",
      "integrity": "sha512-Is78i9A8Ui4SqcxUwFJ9uMmjDn58IbVTjFWYdQestFEgeuEmHMLGNriXnVJKkwG2YiZjw8cP0zCTyDMdDGtOOg==",
      "cpu": [
        "x64"
      ],
      "dev": true,
      "libc": [
        "musl"
      ],
      "license": "MIT",
      "optional": true,
      "os": [
        "linux"
      ],
      "engines": {
        "node": "^20.19.0 || >=22.12.0"
      }
    },
    "node_modules/@rolldown/binding-openharmony-arm64": {
      "version": "1.2.11",
      "resolved": "https://registry.npmmirror.com/@rolldown/binding-openharmony-arm64/-/binding-openharmony-arm64-1.2.11.tgz",
      "integrity": "sha512-dUCXneZ87INUMyQ0D+C0HrEBNUPNXHaPmU5GTjyKTJEiussw9Kaj5Ln8UztPe4epV/ffvgNBEadksdYhmW6xJA==",
      "cpu": [
        "arm64"
      ],
      "dev": true,
      "license": "MIT",
      "optional": true,
      "os": [
        "openharmony"
      ],
      "engines": {
        "node": "^20.19.0 || >=22.12.0"
      }
    },
    "node_modules/@rolldown/binding-win32-arm64-msvc": {
      "version": "1.2.11",
      "resolved": "https://registry.npmmirror.com/@rolldown/binding-win32-arm64-msvc/-/binding-win32-arm64-msvc-1.2.11.tgz",
      "integrity": "sha512-jByxb6qfd+bH1xUd0qnfFnb17i9sWBPY2tOavJ0l3tdr3OTu+Kvtm8cd/JV5nFt657b1VqGltxg9olOEfofXWw==",
      "cpu": [
        "arm64"
      ],
      "dev": true,
      "license": "MIT",
      "optional": true,
      "os": [
        "win32"
      ],
      "engines": {
        "node": "^20.19.0 || >=22.12.0"
      }
    },
    "node_modules/@rolldown/binding-win32-x64-msvc": {
      "version": "1.2.11",
      "resolved": "https://registry.npmmirror.com/@rolldown/binding-win32-x64-msvc/-/binding-win32-x64-msvc-1.2.11.tgz",
      "integrity": "sha512-/PzKqzAJ03i19oy2ItPvyvaVjOjBCNnfaJs8yvUdGBKmiESgnrJSQ2awd81QzFbbnAmu7YO9ZnJrDCb9VSJPRA==",
      "cpu": [
        "x64"
      ],
      "dev": true,
      "license": "MIT",
      "optional": true,
      "os": [
        "win32"
      ],
      "engines": {
        "node": "^20.19.0 || >=22.12.0"
      }
    },
    "node_modules/@rolldown/pluginutils": {
      "version": "1.0.1",
      "resolved": "https://registry.npmmirror.com/@rolldown/pluginutils/-/pluginutils-1.0.1.tgz",
      "integrity": "sha512-2j9bGt5Jh8hj+vPtgzPtl72j0yRxHAyumoo6TNfAjsLB04UtpSvPbPcDcBMxz7n+9CYB0c1GxQFxYRg2jimqGw==",
      "dev": true,
      "license": "MIT"
    },
    "node_modules/@types/lodash": {
      "version": "4.17.25",
      "resolved": "https://registry.npmmirror.com/@types/lodash/-/lodash-4.17.25.tgz",
      "integrity": "sha512-+K1NIO8I+F9/wNulfVvu23QYd0Pe9/OCqRrim4NoYIf1VoEDL90Ve4ClzpyqBLc7NpGGWRvYNCKZ1BE/Jpf8dQ==",
      "license": "MIT"
    },
    "node_modules/@types/lodash-es": {
      "version": "4.17.12",
      "resolved": "https://registry.npmmirror.com/@types/lodash-es/-/lodash-es-4.17.12.tgz",
      "integrity": "sha512-0NgftHUcV4v34VhXm8QBSftKVXtbkBG3ViCjs6+eJ5a6y6Mi/jiFGPc1sC7QK+9BFhWrURE3EOggmWaSxL9OzQ==",
      "license": "MIT",
      "dependencies": {
        "@types/lodash": "*"
      }
    },
    "node_modules/@types/node": {
      "version": "24.19.0",
      "resolved": "https://registry.npmmirror.com/@types/node/-/node-24.19.0.tgz",
      "integrity": "sha512-zY+5tKxXdhGh1PYI0ac+7juvEu4OI6vWtVVoj5i2m42jxAY1U+zHGt6QCyOFwykdP62sM3MJ9stoYYUw5aCWew==",
      "dev": true,
      "license": "MIT",
      "dependencies": {
        "undici-types": ">=7.24.0 <7.24.7"
      }
    },
    "node_modules/@types/web-bluetooth": {
      "version": "0.0.21",
      "resolved": "https://registry.npmmirror.com/@types/web-bluetooth/-/web-bluetooth-0.0.21.tgz",
      "integrity": "sha512-oIQLCGWtcFZy2JW77j9k8nHzAOpqMHLQejDA48XXMWH6tjCQHz5RCFz1bzsmROyL6PUm+LLnUiI4BCn221inxA==",
      "license": "MIT"
    },
    "node_modules/@vitejs/plugin-vue": {
      "version": "6.0.9",
      "resolved": "https://registry.npmmirror.com/@vitejs/plugin-vue/-/plugin-vue-6.0.9.tgz",
      "integrity": "sha512-rD/MORlhaZMlXWW0rEn4FB4wMinWC0z/D7Ye160S5+Rs1mC8ZDAdcDp4SjKfUhG5t8q1ktcPVw4xuTkPRlzrSA==",
      "dev": true,
      "license": "MIT",
      "dependencies": {
        "@rolldown/pluginutils": "^1.0.1"
      },
      "engines": {
        "node": "^20.19.0 || >=22.12.0"
      },
      "peerDependencies": {
        "vite": "^5.0.0 || ^6.0.0 || ^7.0.0 || ^8.0.0",
        "vue": "^3.2.25"
      }
    },
    "node_modules/@volar/language-core": {
      "version": "2.4.28",
      "resolved": "https://registry.npmmirror.com/@volar/language-core/-/language-core-2.4.28.tgz",
      "integrity": "sha512-w4qhIJ8ZSitgLAkVay6AbcnC7gP3glYM3fYwKV3srj8m494E3xtrCv6E+bWviiK/8hs6e6t1ij1s2Endql7vzQ==",
      "dev": true,
      "license": "MIT",
      "dependencies": {
        "@volar/source-map": "2.4.28"
      }
    },
    "node_modules/@volar/source-map": {
      "version": "2.4.28",
      "resolved": "https://registry.npmmirror.com/@volar/source-map/-/source-map-2.4.28.tgz",
      "integrity": "sha512-yX2BDBqJkRXfKw8my8VarTyjv48QwxdJtvRgUpNE5erCsgEUdI2DsLbpa+rOQVAJYshY99szEcRDmyHbF10ggQ==",
      "dev": true,
      "license": "MIT"
    },
    "node_modules/@volar/typescript": {
      "version": "2.4.28",
      "resolved": "https://registry.npmmirror.com/@volar/typescript/-/typescript-2.4.28.tgz",
      "integrity": "sha512-Ja6yvWrbis2QtN4ClAKreeUZPVYMARDYZl9LMEv1iQ1QdepB6wn0jTRxA9MftYmYa4DQ4k/DaSZpFPUfxl8giw==",
      "dev": true,
      "license": "MIT",
      "dependencies": {
        "@volar/language-core": "2.4.28",
        "path-browserify": "^1.0.1",
        "vscode-uri": "^3.0.8"
      }
    },
    "node_modules/@vue/compiler-core": {
      "version": "3.5.43",
      "resolved": "https://registry.npmmirror.com/@vue/compiler-core/-/compiler-core-3.5.43.tgz",
      "integrity": "sha512-zdiLhnbe1QQqgDT8xZMpNmyqZ3qlI+/Q/FHQco57Kwl/b05HhCzN6eVGN9QU9rbga4CrS0H5SYY8VGHZCt/1Hg==",
      "license": "MIT",
      "dependencies": {
        "@babel/parser": "^7.29.8",
        "@vue/shared": "3.5.43",
        "entities": "^7.0.1",
        "estree-walker": "^2.0.2",
        "source-map-js": "^1.2.1"
      }
    },
    "node_modules/@vue/compiler-dom": {
      "version": "3.5.43",
      "resolved": "https://registry.npmmirror.com/@vue/compiler-dom/-/compiler-dom-3.5.43.tgz",
      "integrity": "sha512-PEZoAk3NQmsn/ejMzSOCyTYqwGqczrWm70PuhBKjjv1+TCoQAaO/zOqNwjV+honlNstT5ILxtc+8r8UUfj+iEQ==",
      "license": "MIT",
      "dependencies": {
        "@vue/compiler-core": "3.5.43",
        "@vue/shared": "3.5.43"
      }
    },
    "node_modules/@vue/compiler-sfc": {
      "version": "3.5.43",
      "resolved": "https://registry.npmmirror.com/@vue/compiler-sfc/-/compiler-sfc-3.5.43.tgz",
      "integrity": "sha512-FCbrG3XNCRl+js3huuKx4IVHBLTvMkJhVepjbxSPu1gn4yWLaYtGNQdjJGZaMytXB6qb76qQDDmDSLy/vkmleQ==",
      "license": "MIT",
      "dependencies": {
        "@babel/parser": "^7.29.8",
        "@vue/compiler-core": "3.5.43",
        "@vue/compiler-dom": "3.5.43",
        "@vue/compiler-ssr": "3.5.43",
        "@vue/shared": "3.5.43",
        "estree-walker": "^2.0.2",
        "magic-string": "^0.30.21",
        "postcss": "^8.5.28",
        "source-map-js": "^1.2.1"
      }
    },
    "node_modules/@vue/compiler-ssr": {
      "version": "3.5.43",
      "resolved": "https://registry.npmmirror.com/@vue/compiler-ssr/-/compiler-ssr-3.5.43.tgz",
      "integrity": "sha512-GF62orf7KiJX9RqrHNGrYBudsQGD0OhJ5nDs90O8UiDuS40+YMYomiXu6w6EuvtXuRDc3MSNis3EaaSKAVSWpg==",
      "license": "MIT",
      "dependencies": {
        "@vue/compiler-dom": "3.5.43",
        "@vue/shared": "3.5.43"
      }
    },
    "node_modules/@vue/language-core": {
      "version": "3.3.11",
      "resolved": "https://registry.npmmirror.com/@vue/language-core/-/language-core-3.3.11.tgz",
      "integrity": "sha512-QJmpliwAVpC/OxubIByPAhNzsQPRc8/gxlN2qnVzVfIMjMDz/9RnXRFoetjz5yEgXVXyp4LqhXq3V53PjmNzFw==",
      "dev": true,
      "license": "MIT",
      "dependencies": {
        "@volar/language-core": "2.4.28",
        "@vue/compiler-dom": "^3.5.0",
        "@vue/shared": "^3.5.0",
        "alien-signals": "^3.2.1",
        "muggle-string": "^0.4.1",
        "path-browserify": "^1.0.1",
        "picomatch": "^4.0.4"
      }
    },
    "node_modules/@vue/reactivity": {
      "version": "3.5.43",
      "resolved": "https://registry.npmmirror.com/@vue/reactivity/-/reactivity-3.5.43.tgz",
      "integrity": "sha512-G/c9GyOZNI2jVaaS6OX1EF1SSFSv7H0ERqNTl4+DTFMlZmB5eVAB53aLQNam/7NL2NPtaDD7RdVrzf8uJzMuOA==",
      "license": "MIT",
      "dependencies": {
        "@vue/shared": "3.5.43"
      }
    },
    "node_modules/@vue/runtime-core": {
      "version": "3.5.43",
      "resolved": "https://registry.npmmirror.com/@vue/runtime-core/-/runtime-core-3.5.43.tgz",
      "integrity": "sha512-hU6U6VnVhBGQDpvlnnDlIB8ZGJBiOcgk2lh/0InltHiz3D8oSkluvuvY+do1G2H3+udeKFsmaBlgVYP7gXQzEw==",
      "license": "MIT",
      "dependencies": {
        "@vue/reactivity": "3.5.43",
        "@vue/shared": "3.5.43"
      }
    },
    "node_modules/@vue/runtime-dom": {
      "version": "3.5.43",
      "resolved": "https://registry.npmmirror.com/@vue/runtime-dom/-/runtime-dom-3.5.43.tgz",
      "integrity": "sha512-Bb2Jc0YjjJdMt1SJmb9b2L/IWd3I8lIT9x9eS/xvvP9CiVgna0ffua74xKRmt4/uSJ+0r4iN8ex1jrqkhQGWQw==",
      "license": "MIT",
      "dependencies": {
        "@vue/reactivity": "3.5.43",
        "@vue/runtime-core": "3.5.43",
        "@vue/shared": "3.5.43",
        "csstype": "^3.2.3"
      }
    },
    "node_modules/@vue/server-renderer": {
      "version": "3.5.43",
      "resolved": "https://registry.npmmirror.com/@vue/server-renderer/-/server-renderer-3.5.43.tgz",
      "integrity": "sha512-l2Ygjv9NehV94PSBxNWsAHC0j/eIIKbn92mBuWXAPGLnn6HfJ6MH5ubsd+Nk0YoZ5FRuxWI1P2VSoh+dbPQhCQ==",
      "license": "MIT",
      "dependencies": {
        "@vue/compiler-ssr": "3.5.43",
        "@vue/runtime-dom": "3.5.43",
        "@vue/shared": "3.5.43"
      }
    },
    "node_modules/@vue/shared": {
      "version": "3.5.43",
      "resolved": "https://registry.npmmirror.com/@vue/shared/-/shared-3.5.43.tgz",
      "integrity": "sha512-uksS7YGMR5NZyr4JNq0Rp+QyLns0ueaz20KwzIPW9R0LH1Vnt4E+XUM29PNseEbf1www2gOuhuDi5AKOIXag9Q==",
      "license": "MIT"
    },
    "node_modules/@vue/tsconfig": {
      "version": "0.9.1",
      "resolved": "https://registry.npmmirror.com/@vue/tsconfig/-/tsconfig-0.9.1.tgz",
      "integrity": "sha512-buvjm+9NzLCJL29KY1j1991YYJ5e6275OiK+G4jtmfIb+z4POywbdm0wXusT9adVWqe0xqg70TbI7+mRx4uU9w==",
      "dev": true,
      "license": "MIT",
      "peerDependencies": {
        "typescript": ">= 5.8",
        "vue": "^3.4.0"
      },
      "peerDependenciesMeta": {
        "typescript": {
          "optional": true
        },
        "vue": {
          "optional": true
        }
      }
    },
    "node_modules/@vueuse/core": {
      "version": "15.0.0",
      "resolved": "https://registry.npmmirror.com/@vueuse/core/-/core-15.0.0.tgz",
      "integrity": "sha512-Zv67h5mrk7YHDJsRObx+DXaCBz6RKBUpxqLesJ+3xZNPG6yuQs7ja7kg3veFrrouYLWAqydQ7CwGEbLVxB43Ng==",
      "license": "MIT",
      "dependencies": {
        "@types/web-bluetooth": "^0.0.21",
        "@vueuse/metadata": "15.0.0",
        "@vueuse/shared": "15.0.0"
      },
      "engines": {
        "node": ">=22"
      },
      "funding": {
        "url": "https://github.com/sponsors/antfu"
      },
      "peerDependencies": {
        "vue": "^3.5.0"
      }
    },
    "node_modules/@vueuse/metadata": {
      "version": "15.0.0",
      "resolved": "https://registry.npmmirror.com/@vueuse/metadata/-/metadata-15.0.0.tgz",
      "integrity": "sha512-sfWE5LADAKJ0KnjtGliMdSN8Ij/L7uP6rXIZlgPloAI4zvvefbw6H5Lt7KJA6RqQOYgVqWF5Guj50HHMIzygBg==",
      "license": "MIT",
      "engines": {
        "node": ">=22"
      },
      "funding": {
        "url": "https://github.com/sponsors/antfu"
      }
    },
    "node_modules/@vueuse/shared": {
      "version": "15.0.0",
      "resolved": "https://registry.npmmirror.com/@vueuse/shared/-/shared-15.0.0.tgz",
      "integrity": "sha512-vbNXhGrbV53xPOMSyOzMHQRvhMgZf7oNDw2RChUetVxwTIEkInQ1joZ9JbT0G3z2n2AJNjvmCWeM9ySYrnvogA==",
      "license": "MIT",
      "engines": {
        "node": ">=22"
      },
      "funding": {
        "url": "https://github.com/sponsors/antfu"
      },
      "peerDependencies": {
        "vue": "^3.5.0"
      }
    },
    "node_modules/alien-signals": {
      "version": "3.2.1",
      "resolved": "https://registry.npmmirror.com/alien-signals/-/alien-signals-3.2.1.tgz",
      "integrity": "sha512-I8FjmltrfnDFoZedi5CG8DghVYNhzb/Ijluz7tCSJH0xpd0484Kowhbb1XDYOxfJpU1p5wnM2X54dA+IfGyD1g==",
      "dev": true,
      "license": "MIT"
    },
    "node_modules/async-validator": {
      "version": "4.2.5",
      "resolved": "https://registry.npmmirror.com/async-validator/-/async-validator-4.2.5.tgz",
      "integrity": "sha512-7HhHjtERjqlNbZtqNqy2rckN/SpOOlmDliet+lP7k+eKZEjPk3DgyeU9lIXLdeLz0uBbbVp+9Qdow9wJWgwwfg==",
      "license": "MIT"
    },
    "node_modules/csstype": {
      "version": "3.2.3",
      "resolved": "https://registry.npmmirror.com/csstype/-/csstype-3.2.3.tgz",
      "integrity": "sha512-z1HGKcYy2xA8AGQfwrn0PAy+PB7X/GSj3UVJW9qKyn43xWa+gl5nXmU4qqLMRzWVLFC8KusUX8T/0kCiOYpAIQ==",
      "license": "MIT"
    },
    "node_modules/dayjs": {
      "version": "1.11.23",
      "resolved": "https://registry.npmmirror.com/dayjs/-/dayjs-1.11.23.tgz",
      "integrity": "sha512-QDTCU0M0MxR3hQfnlDJfwekQiaanm1ubOD231u73WBckQ/fsamwRLiE2GBz6D3a/xF1NgfiDLJjXBa1hYOYTtQ==",
      "license": "MIT"
    },
    "node_modules/detect-libc": {
      "version": "2.1.2",
      "resolved": "https://registry.npmmirror.com/detect-libc/-/detect-libc-2.1.2.tgz",
      "integrity": "sha512-Btj2BOOO83o3WyH59e8MgXsxEQVcarkUOpEYrubB0urwnN10yQ364rsiByU11nZlqWYZm05i/of7io4mzihBtQ==",
      "dev": true,
      "license": "Apache-2.0",
      "engines": {
        "node": ">=8"
      }
    },
    "node_modules/element-plus": {
      "version": "2.14.6",
      "resolved": "https://registry.npmmirror.com/element-plus/-/element-plus-2.14.6.tgz",
      "integrity": "sha512-GH0fMoMgVEKkHimoaKvg5B00NmfPbQ+qxX6/JrO7F+dLAC3atrZr2Y2MoccHMxS22M7QE12/s0DG0Zs49iwJ/A==",
      "license": "MIT",
      "dependencies": {
        "@ctrl/tinycolor": "^4.2.1",
        "@element-plus/icons-vue": "^2.3.2",
        "@floating-ui/dom": "^1.8.0",
        "@popperjs/core": "npm:@sxzz/popperjs-es@^2.11.8",
        "@types/lodash": "^4.17.24",
        "@types/lodash-es": "^4.17.12",
        "@vueuse/core": "15.0.0",
        "async-validator": "^4.2.5",
        "dayjs": "^1.11.20",
        "lodash": "^4.18.1",
        "lodash-es": "^4.18.1",
        "lodash-unified": "^1.0.3",
        "memoize-one": "^6.0.0",
        "normalize-wheel-es": "^1.2.0",
        "vue-component-type-helpers": "^3.3.11"
      },
      "peerDependencies": {
        "vue": "^3.3.7"
      }
    },
    "node_modules/entities": {
      "version": "7.0.1",
      "resolved": "https://registry.npmmirror.com/entities/-/entities-7.0.1.tgz",
      "integrity": "sha512-TWrgLOFUQTH994YUyl1yT4uyavY5nNB5muff+RtWaqNVCAK408b5ZnnbNAUEWLTCpum9w6arT70i1XdQ4UeOPA==",
      "license": "BSD-2-Clause",
      "engines": {
        "node": ">=0.12"
      },
      "funding": {
        "url": "https://github.com/fb55/entities?sponsor=1"
      }
    },
    "node_modules/estree-walker": {
      "version": "2.0.2",
      "resolved": "https://registry.npmmirror.com/estree-walker/-/estree-walker-2.0.2.tgz",
      "integrity": "sha512-Rfkk/Mp/DL7JVje3u18FxFujQlTNR2q6QfMSMB7AvCBx91NGj/ba3kCfza0f6dVDbw7YlRf/nDrn7pQrCCyQ/w==",
      "license": "MIT"
    },
    "node_modules/fdir": {
      "version": "6.5.0",
      "resolved": "https://registry.npmmirror.com/fdir/-/fdir-6.5.0.tgz",
      "integrity": "sha512-tIbYtZbucOs0BRGqPJkshJUYdL+SDH7dVM8gjy+ERp3WAUjLEFJE+02kanyHtwjWOnwrKYBiwAmM0p4kLJAnXg==",
      "dev": true,
      "license": "MIT",
      "engines": {
        "node": ">=12.0.0"
      },
      "peerDependencies": {
        "picomatch": "^3 || ^4"
      },
      "peerDependenciesMeta": {
        "picomatch": {
          "optional": true
        }
      }
    },
    "node_modules/fsevents": {
      "version": "2.3.3",
      "resolved": "https://registry.npmmirror.com/fsevents/-/fsevents-2.3.3.tgz",
      "integrity": "sha512-5xoDfX+fL7faATnagmWPpbFtwh/R77WmMMqqHGS65C3vvB0YHrgF+B1YmZ3441tMj5n63k0212XNoJwzlhffQw==",
      "dev": true,
      "hasInstallScript": true,
      "license": "MIT",
      "optional": true,
      "os": [
        "darwin"
      ],
      "engines": {
        "node": "^8.16.0 || ^10.6.0 || >=11.0.0"
      }
    },
    "node_modules/lightningcss": {
      "version": "1.33.0",
      "resolved": "https://registry.npmmirror.com/lightningcss/-/lightningcss-1.33.0.tgz",
      "integrity": "sha512-WkUDrojuJs0xkgGf2udWxa3yGBRxPtxUkB79i6aCZLRgc7PM8fZe9TosfPDcvEpQZbuFASnHYmRLBLUbmLOIIA==",
      "dev": true,
      "license": "MPL-2.0",
      "dependencies": {
        "detect-libc": "^2.0.3"
      },
      "engines": {
        "node": ">= 12.0.0"
      },
      "funding": {
        "type": "opencollective",
        "url": "https://opencollective.com/parcel"
      },
      "optionalDependencies": {
        "lightningcss-android-arm64": "1.33.0",
        "lightningcss-darwin-arm64": "1.33.0",
        "lightningcss-darwin-x64": "1.33.0",
        "lightningcss-freebsd-x64": "1.33.0",
        "lightningcss-linux-arm-gnueabihf": "1.33.0",
        "lightningcss-linux-arm64-gnu": "1.33.0",
        "lightningcss-linux-arm64-musl": "1.33.0",
        "lightningcss-linux-x64-gnu": "1.33.0",
        "lightningcss-linux-x64-musl": "1.33.0",
        "lightningcss-win32-arm64-msvc": "1.33.0",
        "lightningcss-win32-x64-msvc": "1.33.0"
      }
    },
    "node_modules/lightningcss-android-arm64": {
      "version": "1.33.0",
      "resolved": "https://registry.npmmirror.com/lightningcss-android-arm64/-/lightningcss-android-arm64-1.33.0.tgz",
      "integrity": "sha512-gEpRTalKdosp4Bb8qWtc2iOgE5SeIHlpS1up9bFq2wAyYhl1UdTObYiHe98zEM9SQvSoqQZ1IQD0JNpg3Ml5pg==",
      "cpu": [
        "arm64"
      ],
      "dev": true,
      "license": "MPL-2.0",
      "optional": true,
      "os": [
        "android"
      ],
      "engines": {
        "node": ">= 12.0.0"
      },
      "funding": {
        "type": "opencollective",
        "url": "https://opencollective.com/parcel"
      }
    },
    "node_modules/lightningcss-darwin-arm64": {
      "version": "1.33.0",
      "resolved": "https://registry.npmmirror.com/lightningcss-darwin-arm64/-/lightningcss-darwin-arm64-1.33.0.tgz",
      "integrity": "sha512-Sciaz8eenNTKn9b3t7+xr0ipTp9YxKQY4npwQ3mrRuL0BAVHBLyZxofhaKBAVtzmtRZ/zTyo0/to4B1uWG/Djg==",
      "cpu": [
        "arm64"
      ],
      "dev": true,
      "license": "MPL-2.0",
      "optional": true,
      "os": [
        "darwin"
      ],
      "engines": {
        "node": ">= 12.0.0"
      },
      "funding": {
        "type": "opencollective",
        "url": "https://opencollective.com/parcel"
      }
    },
    "node_modules/lightningcss-darwin-x64": {
      "version": "1.33.0",
      "resolved": "https://registry.npmmirror.com/lightningcss-darwin-x64/-/lightningcss-darwin-x64-1.33.0.tgz",
      "integrity": "sha512-Z5UPAxzrjlWNNyGy6i65cJzzvgJ5D3T6wMvs+gWpY9d7qRhANrxqAp6LhxIgZhWEw18RfJTGcRxjuLIBr+m8XQ==",
      "cpu": [
        "x64"
      ],
      "dev": true,
      "license": "MPL-2.0",
      "optional": true,
      "os": [
        "darwin"
      ],
      "engines": {
        "node": ">= 12.0.0"
      },
      "funding": {
        "type": "opencollective",
        "url": "https://opencollective.com/parcel"
      }
    },
    "node_modules/lightningcss-freebsd-x64": {
      "version": "1.33.0",
      "resolved": "https://registry.npmmirror.com/lightningcss-freebsd-x64/-/lightningcss-freebsd-x64-1.33.0.tgz",
      "integrity": "sha512-QQM/Ti/hQajJwCY+RiWuCZ9sdtI/XQk7nDK5vC8kkdwixezOlDgvDx7+RT+QjK6FcFT4MpsuoBnHIo/O3StRRg==",
      "cpu": [
        "x64"
      ],
      "dev": true,
      "license": "MPL-2.0",
      "optional": true,
      "os": [
        "freebsd"
      ],
      "engines": {
        "node": ">= 12.0.0"
      },
      "funding": {
        "type": "opencollective",
        "url": "https://opencollective.com/parcel"
      }
    },
    "node_modules/lightningcss-linux-arm-gnueabihf": {
      "version": "1.33.0",
      "resolved": "https://registry.npmmirror.com/lightningcss-linux-arm-gnueabihf/-/lightningcss-linux-arm-gnueabihf-1.33.0.tgz",
      "integrity": "sha512-N7FVBe6iS24MlM6R/4RBTxGhQheZGs7tiQ9U32UtF75NzP5Q7xWPRqLBCKxlRQRk3rY1jCIPLzx7WzOhuUIRLQ==",
      "cpu": [
        "arm"
      ],
      "dev": true,
      "license": "MPL-2.0",
      "optional": true,
      "os": [
        "linux"
      ],
      "engines": {
        "node": ">= 12.0.0"
      },
      "funding": {
        "type": "opencollective",
        "url": "https://opencollective.com/parcel"
      }
    },
    "node_modules/lightningcss-linux-arm64-gnu": {
      "version": "1.33.0",
      "resolved": "https://registry.npmmirror.com/lightningcss-linux-arm64-gnu/-/lightningcss-linux-arm64-gnu-1.33.0.tgz",
      "integrity": "sha512-j2v/itmy4HlNxlc6voKXYgBqNi0Ng2LShg4z7GufpEgs05P+2suBVyi9I6YHq5uoVFx9ETin3eCEhLVyXGQnKg==",
      "cpu": [
        "arm64"
      ],
      "dev": true,
      "libc": [
        "glibc"
      ],
      "license": "MPL-2.0",
      "optional": true,
      "os": [
        "linux"
      ],
      "engines": {
        "node": ">= 12.0.0"
      },
      "funding": {
        "type": "opencollective",
        "url": "https://opencollective.com/parcel"
      }
    },
    "node_modules/lightningcss-linux-arm64-musl": {
      "version": "1.33.0",
      "resolved": "https://registry.npmmirror.com/lightningcss-linux-arm64-musl/-/lightningcss-linux-arm64-musl-1.33.0.tgz",
      "integrity": "sha512-yiO5ROMuYQgXbC60yjZU5CYSFZGKXL0HFATXt9mHJn1+zW55oCtMI9NfcVhYLMFDL7gV7oBPon/EmMMGg2OvtQ==",
      "cpu": [
        "arm64"
      ],
      "dev": true,
      "libc": [
        "musl"
      ],
      "license": "MPL-2.0",
      "optional": true,
      "os": [
        "linux"
      ],
      "engines": {
        "node": ">= 12.0.0"
      },
      "funding": {
        "type": "opencollective",
        "url": "https://opencollective.com/parcel"
      }
    },
    "node_modules/lightningcss-linux-x64-gnu": {
      "version": "1.33.0",
      "resolved": "https://registry.npmmirror.com/lightningcss-linux-x64-gnu/-/lightningcss-linux-x64-gnu-1.33.0.tgz",
      "integrity": "sha512-ar+Ju7LmcN0Jo4FpL4hpFybwNG9/3A/Br5KW2n2jyODg3MEZXaDYADdemoNS+BDNfMgKvylJLj4S5tyRActuAg==",
      "cpu": [
        "x64"
      ],
      "dev": true,
      "libc": [
        "glibc"
      ],
      "license": "MPL-2.0",
      "optional": true,
      "os": [
        "linux"
      ],
      "engines": {
        "node": ">= 12.0.0"
      },
      "funding": {
        "type": "opencollective",
        "url": "https://opencollective.com/parcel"
      }
    },
    "node_modules/lightningcss-linux-x64-musl": {
      "version": "1.33.0",
      "resolved": "https://registry.npmmirror.com/lightningcss-linux-x64-musl/-/lightningcss-linux-x64-musl-1.33.0.tgz",
      "integrity": "sha512-RYiYbkokw0trfKqqzfF55lginwEPrD3OJDfTuJzFs1MK6iFnDenaz1fqLLtX4ITG3OktJQXOeTaw1awrBAlZPw==",
      "cpu": [
        "x64"
      ],
      "dev": true,
      "libc": [
        "musl"
      ],
      "license": "MPL-2.0",
      "optional": true,
      "os": [
        "linux"
      ],
      "engines": {
        "node": ">= 12.0.0"
      },
      "funding": {
        "type": "opencollective",
        "url": "https://opencollective.com/parcel"
      }
    },
    "node_modules/lightningcss-win32-arm64-msvc": {
      "version": "1.33.0",
      "resolved": "https://registry.npmmirror.com/lightningcss-win32-arm64-msvc/-/lightningcss-win32-arm64-msvc-1.33.0.tgz",
      "integrity": "sha512-1K+MPfLSFVpphzpdbfkhlWk6wBrTObBzS2T6db10PNOZgR9GoVsAWzwNyuhUYYbTp23j+4RrncfujZ4uAzXvwA==",
      "cpu": [
        "arm64"
      ],
      "dev": true,
      "license": "MPL-2.0",
      "optional": true,
      "os": [
        "win32"
      ],
      "engines": {
        "node": ">= 12.0.0"
      },
      "funding": {
        "type": "opencollective",
        "url": "https://opencollective.com/parcel"
      }
    },
    "node_modules/lightningcss-win32-x64-msvc": {
      "version": "1.33.0",
      "resolved": "https://registry.npmmirror.com/lightningcss-win32-x64-msvc/-/lightningcss-win32-x64-msvc-1.33.0.tgz",
      "integrity": "sha512-OlEICDx/Xl0FqSp4bry8zFnCvGpig3Gl4gCquvYwHuqJKEC1+n9NgDniFvqHGmMv1ZkqDJrDqKKSykTDX+ehuA==",
      "cpu": [
        "x64"
      ],
      "dev": true,
      "license": "MPL-2.0",
      "optional": true,
      "os": [
        "win32"
      ],
      "engines": {
        "node": ">= 12.0.0"
      },
      "funding": {
        "type": "opencollective",
        "url": "https://opencollective.com/parcel"
      }
    },
    "node_modules/lodash": {
      "version": "4.18.1",
      "resolved": "https://registry.npmmirror.com/lodash/-/lodash-4.18.1.tgz",
      "integrity": "sha512-dMInicTPVE8d1e5otfwmmjlxkZoUpiVLwyeTdUsi/Caj/gfzzblBcCE5sRHV/AsjuCmxWrte2TNGSYuCeCq+0Q==",
      "license": "MIT"
    },
    "node_modules/lodash-es": {
      "version": "4.18.1",
      "resolved": "https://registry.npmmirror.com/lodash-es/-/lodash-es-4.18.1.tgz",
      "integrity": "sha512-J8xewKD/Gk22OZbhpOVSwcs60zhd95ESDwezOFuA3/099925PdHJ7OFHNTGtajL3AlZkykD32HykiMo+BIBI8A==",
      "license": "MIT"
    },
    "node_modules/lodash-unified": {
      "version": "1.0.3",
      "resolved": "https://registry.npmmirror.com/lodash-unified/-/lodash-unified-1.0.3.tgz",
      "integrity": "sha512-WK9qSozxXOD7ZJQlpSqOT+om2ZfcT4yO+03FuzAHD0wF6S0l0090LRPDx3vhTTLZ8cFKpBn+IOcVXK6qOcIlfQ==",
      "license": "MIT",
      "peerDependencies": {
        "@types/lodash-es": "*",
        "lodash": "*",
        "lodash-es": "*"
      }
    },
    "node_modules/magic-string": {
      "version": "0.30.21",
      "resolved": "https://registry.npmmirror.com/magic-string/-/magic-string-0.30.21.tgz",
      "integrity": "sha512-vd2F4YUyEXKGcLHoq+TEyCjxueSeHnFxyyjNp80yg0XV4vUhnDer/lvvlqM/arB5bXQN5K2/3oinyCRyx8T2CQ==",
      "license": "MIT",
      "dependencies": {
        "@jridgewell/sourcemap-codec": "^1.5.5"
      }
    },
    "node_modules/memoize-one": {
      "version": "6.0.0",
      "resolved": "https://registry.npmmirror.com/memoize-one/-/memoize-one-6.0.0.tgz",
      "integrity": "sha512-rkpe71W0N0c0Xz6QD0eJETuWAJGnJ9afsl1srmwPrI+yBCkge5EycXXbYRyvL29zZVUWQCY7InPRCv3GDXuZNw==",
      "license": "MIT"
    },
    "node_modules/muggle-string": {
      "version": "0.4.1",
      "resolved": "https://registry.npmmirror.com/muggle-string/-/muggle-string-0.4.1.tgz",
      "integrity": "sha512-VNTrAak/KhO2i8dqqnqnAHOa3cYBwXEZe9h+D5h/1ZqFSTEFHdM65lR7RoIqq3tBBYavsOXV84NoHXZ0AkPyqQ==",
      "dev": true,
      "license": "MIT"
    },
    "node_modules/nanoid": {
      "version": "3.3.19",
      "resolved": "https://registry.npmmirror.com/nanoid/-/nanoid-3.3.19.tgz",
      "integrity": "sha512-Y2tUNy4ouw6tq5oDSKeQYGOyhkUBhNOcGV/02KC+6kd9eDGqdZd++mjMiIDilrBYvjEnCYvVtsuHCuP+okSfug==",
      "funding": [
        {
          "type": "github",
          "url": "https://github.com/sponsors/ai"
        }
      ],
      "license": "MIT",
      "bin": {
        "nanoid": "bin/nanoid.cjs"
      },
      "engines": {
        "node": "^10 || ^12 || ^13.7 || ^14 || >=15.0.1"
      }
    },
    "node_modules/normalize-wheel-es": {
      "version": "1.2.0",
      "resolved": "https://registry.npmmirror.com/normalize-wheel-es/-/normalize-wheel-es-1.2.0.tgz",
      "integrity": "sha512-Wj7+EJQ8mSuXr2iWfnujrimU35R2W4FAErEyTmJoJ7ucwTn2hOUSsRehMb5RSYkxXGTM7Y9QpvPmp++w5ftoJw==",
      "license": "BSD-3-Clause"
    },
    "node_modules/path-browserify": {
      "version": "1.0.1",
      "resolved": "https://registry.npmmirror.com/path-browserify/-/path-browserify-1.0.1.tgz",
      "integrity": "sha512-b7uo2UCUOYZcnF/3ID0lulOJi/bafxa1xPe7ZPsammBSpjSWQkjNxlt635YGS2MiR9GjvuXCtz2emr3jbsz98g==",
      "dev": true,
      "license": "MIT"
    },
    "node_modules/picocolors": {
      "version": "1.1.1",
      "resolved": "https://registry.npmmirror.com/picocolors/-/picocolors-1.1.1.tgz",
      "integrity": "sha512-xceH2snhtb5M9liqDsmEw56le376mTZkEX/jEb/RxNFyegNul7eNslCXP9FDj/Lcu0X8KEyMceP2ntpaHrDEVA==",
      "license": "ISC"
    },
    "node_modules/picomatch": {
      "version": "4.0.7",
      "resolved": "https://registry.npmmirror.com/picomatch/-/picomatch-4.0.7.tgz",
      "integrity": "sha512-qcJu88Q2IWqJsDD529JKMdwGm/dvInW4HvQnRwiH9JtihJvzGOscDtHE3x1pBKeUOTysQ8kVmLnJ2kJu7yhcGA==",
      "dev": true,
      "license": "MIT",
      "engines": {
        "node": ">=12"
      },
      "funding": {
        "url": "https://github.com/sponsors/jonschlinkert"
      }
    },
    "node_modules/postcss": {
      "version": "8.5.28",
      "resolved": "https://registry.npmmirror.com/postcss/-/postcss-8.5.28.tgz",
      "integrity": "sha512-RRuzqDtt5Y9h3quz5hWhK+TPnsmVs6WwSU6LkJMeY4HstUEDuYTG8UJSdawMRzmzAtV+KEoG8N3Qg2qLy5vM/A==",
      "funding": [
        {
          "type": "opencollective",
          "url": "https://opencollective.com/postcss/"
        },
        {
          "type": "tidelift",
          "url": "https://tidelift.com/funding/github/npm/postcss"
        },
        {
          "type": "github",
          "url": "https://github.com/sponsors/ai"
        }
      ],
      "license": "MIT",
      "dependencies": {
        "nanoid": "^3.3.18",
        "picocolors": "^1.1.1",
        "source-map-js": "^1.2.1"
      },
      "engines": {
        "node": "^10 || ^12 || >=14"
      }
    },
    "node_modules/rolldown": {
      "version": "1.2.11",
      "resolved": "https://registry.npmmirror.com/rolldown/-/rolldown-1.2.11.tgz",
      "integrity": "sha512-qpSwIyz0jHQq5qXBTNxFmE6664rJ7O+4TvPFOiOaBSrz8IOHc1koKKSqTM2H6u1UG1+TveuC6vaDHKXFOvb1Kw==",
      "dev": true,
      "license": "MIT",
      "dependencies": {
        "@oxc-project/types": "=0.151.0",
        "@rolldown/pluginutils": "^1.0.0"
      },
      "bin": {
        "rolldown": "bin/cli.mjs"
      },
      "engines": {
        "node": "^20.19.0 || >=22.12.0"
      },
      "optionalDependencies": {
        "@rolldown/binding-android-arm-eabi": "1.2.11",
        "@rolldown/binding-android-arm64": "1.2.11",
        "@rolldown/binding-darwin-arm64": "1.2.11",
        "@rolldown/binding-darwin-x64": "1.2.11",
        "@rolldown/binding-freebsd-x64": "1.2.11",
        "@rolldown/binding-linux-arm-gnueabihf": "1.2.11",
        "@rolldown/binding-linux-arm64-gnu": "1.2.11",
        "@rolldown/binding-linux-arm64-musl": "1.2.11",
        "@rolldown/binding-linux-ppc64-gnu": "1.2.11",
        "@rolldown/binding-linux-s390x-gnu": "1.2.11",
        "@rolldown/binding-linux-x64-gnu": "1.2.11",
        "@rolldown/binding-linux-x64-musl": "1.2.11",
        "@rolldown/binding-openharmony-arm64": "1.2.11",
        "@rolldown/binding-win32-arm64-msvc": "1.2.11",
        "@rolldown/binding-win32-x64-msvc": "1.2.11"
      }
    },
    "node_modules/source-map-js": {
      "version": "1.2.1",
      "resolved": "https://registry.npmmirror.com/source-map-js/-/source-map-js-1.2.1.tgz",
      "integrity": "sha512-UXWMKhLOwVKb728IUtQPXxfYU+usdybtUrK/8uGE8CQMvrhOpwvzDBwj0QhSL7MQc7vIsISBG8VQ8+IDQxpfQA==",
      "license": "BSD-3-Clause",
      "engines": {
        "node": ">=0.10.0"
      }
    },
    "node_modules/tinyglobby": {
      "version": "0.2.17",
      "resolved": "https://registry.npmmirror.com/tinyglobby/-/tinyglobby-0.2.17.tgz",
      "integrity": "sha512-wXR/dYpcqKmfWpEdZjiKJOwCNFndD0DMnrW/cYjVGttEkBfVgcLFHoNrlj47mjOVic9yyNu65alsgF4NQyTa2g==",
      "dev": true,
      "license": "MIT",
      "dependencies": {
        "fdir": "^6.5.0",
        "picomatch": "^4.0.4"
      },
      "engines": {
        "node": ">=12.0.0"
      },
      "funding": {
        "url": "https://github.com/sponsors/SuperchupuDev"
      }
    },
    "node_modules/typescript": {
      "version": "6.0.3",
      "resolved": "https://registry.npmmirror.com/typescript/-/typescript-6.0.3.tgz",
      "integrity": "sha512-y2TvuxSZPDyQakkFRPZHKFm+KKVqIisdg9/CZwm9ftvKXLP8NRWj38/ODjNbr43SsoXqNuAisEf1GdCxqWcdBw==",
      "devOptional": true,
      "license": "Apache-2.0",
      "bin": {
        "tsc": "bin/tsc",
        "tsserver": "bin/tsserver"
      },
      "engines": {
        "node": ">=14.17"
      }
    },
    "node_modules/undici-types": {
      "version": "7.24.6",
      "resolved": "https://registry.npmmirror.com/undici-types/-/undici-types-7.24.6.tgz",
      "integrity": "sha512-WRNW+sJgj5OBN4/0JpHFqtqzhpbnV0GuB+OozA9gCL7a993SmU+1JBZCzLNxYsbMfIeDL+lTsphD5jN5N+n0zg==",
      "dev": true,
      "license": "MIT"
    },
    "node_modules/vite": {
      "version": "8.3.1",
      "resolved": "https://registry.npmmirror.com/vite/-/vite-8.3.1.tgz",
      "integrity": "sha512-/bvH9E9tmCXRGp2uXY3WbOldqpTwFkbha/8ANaEQ6VkxhH60KyqLwgZq6lG2y+4uT55x9+9eUHMpQ7uGnOCKjA==",
      "dev": true,
      "license": "MIT",
      "dependencies": {
        "lightningcss": "^1.33.0",
        "picomatch": "^4.0.7",
        "postcss": "^8.5.28",
        "rolldown": "~1.2.9",
        "tinyglobby": "^0.2.17"
      },
      "bin": {
        "vite": "bin/vite.js"
      },
      "engines": {
        "node": "^20.19.0 || >=22.12.0"
      },
      "funding": {
        "url": "https://github.com/vitejs/vite?sponsor=1"
      },
      "optionalDependencies": {
        "fsevents": "~2.3.3"
      },
      "peerDependencies": {
        "@types/node": "^20.19.0 || >=22.12.0",
        "@vitejs/devtools": "^0.7.1",
        "esbuild": "^0.27.0 || ^0.28.0",
        "jiti": ">=1.21.0",
        "less": "^4.0.0",
        "sass": "^1.70.0",
        "sass-embedded": "^1.70.0",
        "stylus": ">=0.54.8",
        "sugarss": "^5.0.0",
        "terser": "^5.16.0",
        "tsx": "^4.8.1",
        "yaml": "^2.4.2"
      },
      "peerDependenciesMeta": {
        "@types/node": {
          "optional": true
        },
        "@vitejs/devtools": {
          "optional": true
        },
        "esbuild": {
          "optional": true
        },
        "jiti": {
          "optional": true
        },
        "less": {
          "optional": true
        },
        "sass": {
          "optional": true
        },
        "sass-embedded": {
          "optional": true
        },
        "stylus": {
          "optional": true
        },
        "sugarss": {
          "optional": true
        },
        "terser": {
          "optional": true
        },
        "tsx": {
          "optional": true
        },
        "yaml": {
          "optional": true
        }
      }
    },
    "node_modules/vscode-uri": {
      "version": "3.2.0",
      "resolved": "https://registry.npmmirror.com/vscode-uri/-/vscode-uri-3.2.0.tgz",
      "integrity": "sha512-m2gXo3bn0G1kT9InzMf07fTbqMbGtyckj3bH5ktLO+1Ssv+yiATZ4dhwaQv9UZWxJh6E9IFGnQyjgWVDWVBDrg==",
      "dev": true,
      "license": "MIT"
    },
    "node_modules/vue": {
      "version": "3.5.43",
      "resolved": "https://registry.npmmirror.com/vue/-/vue-3.5.43.tgz",
      "integrity": "sha512-o5qZoksdnjIKvW1srZ3ab7pcDNYAerBjRe54D0LBLfRdCYFrSgBHVXokMas35czQc0//lmx4/tuY4ZNQ+Rf2Ng==",
      "license": "MIT",
      "dependencies": {
        "@vue/compiler-dom": "3.5.43",
        "@vue/compiler-sfc": "3.5.43",
        "@vue/runtime-dom": "3.5.43",
        "@vue/server-renderer": "3.5.43",
        "@vue/shared": "3.5.43"
      },
      "peerDependencies": {
        "typescript": "*"
      },
      "peerDependenciesMeta": {
        "typescript": {
          "optional": true
        }
      }
    },
    "node_modules/vue-component-type-helpers": {
      "version": "3.3.11",
      "resolved": "https://registry.npmmirror.com/vue-component-type-helpers/-/vue-component-type-helpers-3.3.11.tgz",
      "integrity": "sha512-LwcxzeliO9fkQcpJG0PoX8X5kmAhKmH9wkpDLxNabwzkQ9Zeib2YVHwFV4pcWmMLfXVfjr/dSV+DaJ3cIPgSNA==",
      "license": "MIT"
    },
    "node_modules/vue-tsc": {
      "version": "3.3.11",
      "resolved": "https://registry.npmmirror.com/vue-tsc/-/vue-tsc-3.3.11.tgz",
      "integrity": "sha512-gOb0B9rtU2+f1dszwPqSH5kAieIF9ReeLhD3kSRNHv5WZZUQz/JdVXW0RTdqhNTMlQkqKzrTTviqKr/4FYZraQ==",
      "dev": true,
      "license": "MIT",
      "dependencies": {
        "@volar/typescript": "2.4.28",
        "@vue/language-core": "3.3.11"
      },
      "bin": {
        "vue-tsc": "bin/vue-tsc.js"
      },
      "peerDependencies": {
        "typescript": ">=5.0.0"
      }
    }
  }
}
